
Microsoft Visual Studio Solution File, Format Version 12.00
# Visual Studio Version 17
VisualStudioVersion = 17.2.32616.157
MinimumVisualStudioVersion = 10.0.40219.1
Project("{FAE04EC0-301F-11D3-BF4B-00C04F79EFBC}") = "AES 算法加密", "凯撒密码CaesarDecrypt\AES 算法加密.csproj", "{C1361769-F426-4969-973F-BD7DE7532AD9}"
EndProject
Global
	GlobalSection(SolutionConfigurationPlatforms) = preSolution
		Debug|Any CPU = Debug|Any CPU
		Release|Any CPU = Release|Any CPU
	EndGlobalSection
	GlobalSection(ProjectConfigurationPlatforms) = postSolution
		{C1361769-F426-4969-973F-BD7DE7532AD9}.Debug|Any CPU.ActiveCfg = Debug|Any CPU
		{C1361769-F426-4969-973F-BD7DE7532AD9}.Debug|Any CPU.Build.0 = Debug|Any CPU
		{C1361769-F426-4969-973F-BD7DE7532AD9}.Release|Any CPU.ActiveCfg = Release|Any CPU
		{C1361769-F426-4969-973F-BD7DE7532AD9}.Release|Any CPU.Build.0 = Release|Any CPU
	EndGlobalSection
	GlobalSection(SolutionProperties) = preSolution
		HideSolutionNode = FALSE
	EndGlobalSection
	GlobalSection(ExtensibilityGlobals) = postSolution
		SolutionGuid = {046705B8-C3AF-42A2-A068-35CC2D419097}
	EndGlobalSection
EndGlobal
